
Microsoft Visual Studio Solution File, Format Version 12.00
# Visual Studio Version 17
VisualStudioVersion = 17.9.34622.214
MinimumVisualStudioVersion = 10.0.40219.1
Project("{FAE04EC0-301F-11D3-BF4B-00C04F79EFBC}") = "NftScanner", "NftScanner\NftScanner.csproj", "{F398C179-2F82-4373-BB82-ECA12BDF9C3C}"
EndProject
Global
	GlobalSection(SolutionConfigurationPlatforms) = preSolution
		Debug|Any CPU = Debug|Any CPU
		Release|Any CPU = Release|Any CPU
	EndGlobalSection
	GlobalSection(ProjectConfigurationPlatforms) = postSolution
		{F398C179-2F82-4373-BB82-ECA12BDF9C3C}.Debug|Any CPU.ActiveCfg = Debug|Any CPU
		{F398C179-2F82-4373-BB82-ECA12BDF9C3C}.Debug|Any CPU.Build.0 = Debug|Any CPU
		{F398C179-2F82-4373-BB82-ECA12BDF9C3C}.Release|Any CPU.ActiveCfg = Release|Any CPU
		{F398C179-2F82-4373-BB82-ECA12BDF9C3C}.Release|Any CPU.Build.0 = Release|Any CPU
	EndGlobalSection
	GlobalSection(SolutionProperties) = preSolution
		HideSolutionNode = FALSE
	EndGlobalSection
	GlobalSection(ExtensibilityGlobals) = postSolution
		SolutionGuid = {42922B75-5404-44B8-ADAC-F1E4E2B7E90E}
	EndGlobalSection
EndGlobal
